// !$*UTF8*$!
{
	archiveVersion = 1;
	classes = {
	};
	objectVersion = 48;
	objects = {

/* Begin PBXBuildFile section */
		CCAC81E21FF3916D0056FAFB /* WKPreferencesViewController.swift in Sources */ = {isa = PBXBuildFile; fileRef = CCAC81E11FF3916D0056FAFB /* WKPreferencesViewController.swift */; };
		CCD212FF1FEFE348000B0D87 /* LoadContentViewController.swift in Sources */ = {isa = PBXBuildFile; fileRef = CCD212FE1FEFE348000B0D87 /* LoadContentViewController.swift */; };
		CCD213041FF2AB4A000B0D87 /* WKWebViewPreferencesManager.swift in Sources */ = {isa = PBXBuildFile; fileRef = CCD213031FF2AB4A000B0D87 /* WKWebViewPreferencesManager.swift */; };
		CCD213061FF2AFDD000B0D87 /* JavaScriptBridgeMessageHandler.swift in Sources */ = {isa = PBXBuildFile; fileRef = CCD213051FF2AFDD000B0D87 /* JavaScriptBridgeMessageHandler.swift */; };
		CCDF50151FEA9A63005170F5 /* AppDelegate.swift in Sources */ = {isa = PBXBuildFile; fileRef = CCDF50141FEA9A63005170F5 /* AppDelegate.swift */; };
		CCDF50171FEA9A63005170F5 /* UIWebViewController.swift in Sources */ = {isa = PBXBuildFile; fileRef = CCDF50161FEA9A63005170F5 /* UIWebViewController.swift */; };
		CCDF50191FEA9A63005170F5 /* WKWebViewController.swift in Sources */ = {isa = PBXBuildFile; fileRef = CCDF50181FEA9A63005170F5 /* WKWebViewController.swift */; };
		CCDF501C1FEA9A63005170F5 /* Main.storyboard in Resources */ = {isa = PBXBuildFile; fileRef = CCDF501A1FEA9A63005170F5 /* Main.storyboard */; };
		CCDF501E1FEA9A63005170F5 /* Assets.xcassets in Resources */ = {isa = PBXBuildFile; fileRef = CCDF501D1FEA9A63005170F5 /* Assets.xcassets */; };
		CCDF50211FEA9A63005170F5 /* LaunchScreen.storyboard in Resources */ = {isa = PBXBuildFile; fileRef = CCDF501F1FEA9A63005170F5 /* LaunchScreen.storyboard */; };
		CCDF502C1FEA9A63005170F5 /* WheresMyBrowserTests.swift in Sources */ = {isa = PBXBuildFile; fileRef = CCDF502B1FEA9A63005170F5 /* WheresMyBrowserTests.swift */; };
		CCDF50371FEAA91E005170F5 /* DocumentationViewController.swift in Sources */ = {isa = PBXBuildFile; fileRef = CCDF50361FEAA91E005170F5 /* DocumentationViewController.swift */; };
		CCDF503F1FEE6435005170F5 /* web in Resources */ = {isa = PBXBuildFile; fileRef = CCDF503E1FEE6435005170F5 /* web */; };
/* End PBXBuildFile section */

/* Begin PBXContainerItemProxy section */
		CCDF50281FEA9A63005170F5 /* PBXContainerItemProxy */ = {
			isa = PBXContainerItemProxy;
			containerPortal = CCDF50091FEA9A63005170F5 /* Project object */;
			proxyType = 1;
			remoteGlobalIDString = CCDF50101FEA9A63005170F5;
			remoteInfo = WheresMyBrowser;
		};
/* End PBXContainerItemProxy section */

/* Begin PBXFileReference section */
		CCAC81E11FF3916D0056FAFB /* WKPreferencesViewController.swift */ = {isa = PBXFileReference; lastKnownFileType = sourcecode.swift; path = WKPreferencesViewController.swift; sourceTree = "<group>"; };
		CCD212FE1FEFE348000B0D87 /* LoadContentViewController.swift */ = {isa = PBXFileReference; lastKnownFileType = sourcecode.swift; path = LoadContentViewController.swift; sourceTree = "<group>"; };
		CCD213031FF2AB4A000B0D87 /* WKWebViewPreferencesManager.swift */ = {isa = PBXFileReference; lastKnownFileType = sourcecode.swift; path = WKWebViewPreferencesManager.swift; sourceTree = "<group>"; };
		CCD213051FF2AFDD000B0D87 /* JavaScriptBridgeMessageHandler.swift */ = {isa = PBXFileReference; lastKnownFileType = sourcecode.swift; path = JavaScriptBridgeMessageHandler.swift; sourceTree = "<group>"; };
		CCDF50111FEA9A63005170F5 /* WheresMyBrowser.app */ = {isa = PBXFileReference; explicitFileType = wrapper.application; includeInIndex = 0; path = WheresMyBrowser.app; sourceTree = BUILT_PRODUCTS_DIR; };
		CCDF50141FEA9A63005170F5 /* AppDelegate.swift */ = {isa = PBXFileReference; lastKnownFileType = sourcecode.swift; path = AppDelegate.swift; sourceTree = "<group>"; };
		CCDF50161FEA9A63005170F5 /* UIWebViewController.swift */ = {isa = PBXFileReference; lastKnownFileType = sourcecode.swift; path = UIWebViewController.swift; sourceTree = "<group>"; };
		CCDF50181FEA9A63005170F5 /* WKWebViewController.swift */ = {isa = PBXFileReference; lastKnownFileType = sourcecode.swift; path = WKWebViewController.swift; sourceTree = "<group>"; };
		CCDF501B1FEA9A63005170F5 /* Base */ = {isa = PBXFileReference; lastKnownFileType = file.storyboard; name = Base; path = Base.lproj/Main.storyboard; sourceTree = "<group>"; };
		CCDF501D1FEA9A63005170F5 /* Assets.xcassets */ = {isa = PBXFileReference; lastKnownFileType = folder.assetcatalog; path = Assets.xcassets; sourceTree = "<group>"; };
		CCDF50201FEA9A63005170F5 /* Base */ = {isa = PBXFileReference; lastKnownFileType = file.storyboard; name = Base; path = Base.lproj/LaunchScreen.storyboard; sourceTree = "<group>"; };
		CCDF50221FEA9A63005170F5 /* Info.plist */ = {isa = PBXFileReference; lastKnownFileType = text.plist.xml; path = Info.plist; sourceTree = "<group>"; };
		CCDF50271FEA9A63005170F5 /* WheresMyBrowserTests.xctest */ = {isa = PBXFileReference; explicitFileType = wrapper.cfbundle; includeInIndex = 0; path = WheresMyBrowserTests.xctest; sourceTree = BUILT_PRODUCTS_DIR; };
		CCDF502B1FEA9A63005170F5 /* WheresMyBrowserTests.swift */ = {isa = PBXFileReference; lastKnownFileType = sourcecode.swift; path = WheresMyBrowserTests.swift; sourceTree = "<group>"; };
		CCDF502D1FEA9A63005170F5 /* Info.plist */ = {isa = PBXFileReference; lastKnownFileType = text.plist.xml; path = Info.plist; sourceTree = "<group>"; };
		CCDF50361FEAA91E005170F5 /* DocumentationViewController.swift */ = {isa = PBXFileReference; lastKnownFileType = sourcecode.swift; path = DocumentationViewController.swift; sourceTree = "<group>"; };
		CCDF503E1FEE6435005170F5 /* web */ = {isa = PBXFileReference; lastKnownFileType = folder; path = web; sourceTree = "<group>"; };
/* End PBXFileReference section */

/* Begin PBXFrameworksBuildPhase section */
		CCDF500E1FEA9A63005170F5 /* Frameworks */ = {
			isa = PBXFrameworksBuildPhase;
			buildActionMask = 2147483647;
			files = (
			);
			runOnlyForDeploymentPostprocessing = 0;
		};
		CCDF50241FEA9A63005170F5 /* Frameworks */ = {
			isa = PBXFrameworksBuildPhase;
			buildActionMask = 2147483647;
			files = (
			);
			runOnlyForDeploymentPostprocessing = 0;
		};
/* End PBXFrameworksBuildPhase section */

/* Begin PBXGroup section */
		CCDF50081FEA9A63005170F5 = {
			isa = PBXGroup;
			children = (
				CCDF50131FEA9A63005170F5 /* WheresMyBrowser */,
				CCDF502A1FEA9A63005170F5 /* WheresMyBrowserTests */,
				CCDF50121FEA9A63005170F5 /* Products */,
			);
			sourceTree = "<group>";
		};
		CCDF50121FEA9A63005170F5 /* Products */ = {
			isa = PBXGroup;
			children = (
				CCDF50111FEA9A63005170F5 /* WheresMyBrowser.app */,
				CCDF50271FEA9A63005170F5 /* WheresMyBrowserTests.xctest */,
			);
			name = Products;
			sourceTree = "<group>";
		};
		CCDF50131FEA9A63005170F5 /* WheresMyBrowser */ = {
			isa = PBXGroup;
			children = (
				CCDF503E1FEE6435005170F5 /* web */,
				CCDF50141FEA9A63005170F5 /* AppDelegate.swift */,
				CCDF50161FEA9A63005170F5 /* UIWebViewController.swift */,
				CCDF50181FEA9A63005170F5 /* WKWebViewController.swift */,
				CCD213031FF2AB4A000B0D87 /* WKWebViewPreferencesManager.swift */,
				CCAC81E11FF3916D0056FAFB /* WKPreferencesViewController.swift */,
				CCD213051FF2AFDD000B0D87 /* JavaScriptBridgeMessageHandler.swift */,
				CCDF501A1FEA9A63005170F5 /* Main.storyboard */,
				CCDF501D1FEA9A63005170F5 /* Assets.xcassets */,
				CCDF501F1FEA9A63005170F5 /* LaunchScreen.storyboard */,
				CCDF50221FEA9A63005170F5 /* Info.plist */,
				CCDF50361FEAA91E005170F5 /* DocumentationViewController.swift */,
				CCD212FE1FEFE348000B0D87 /* LoadContentViewController.swift */,
			);
			path = WheresMyBrowser;
			sourceTree = "<group>";
		};
		CCDF502A1FEA9A63005170F5 /* WheresMyBrowserTests */ = {
			isa = PBXGroup;
			children = (
				CCDF502B1FEA9A63005170F5 /* WheresMyBrowserTests.swift */,
				CCDF502D1FEA9A63005170F5 /* Info.plist */,
			);
			path = WheresMyBrowserTests;
			sourceTree = "<group>";
		};
/* End PBXGroup section */

/* Begin PBXNativeTarget section */
		CCDF50101FEA9A63005170F5 /* WheresMyBrowser */ = {
			isa = PBXNativeTarget;
			buildConfigurationList = CCDF50301FEA9A63005170F5 /* Build configuration list for PBXNativeTarget "WheresMyBrowser" */;
			buildPhases = (
				CCDF500D1FEA9A63005170F5 /* Sources */,
				CCDF500E1FEA9A63005170F5 /* Frameworks */,
				CCDF500F1FEA9A63005170F5 /* Resources */,
			);
			buildRules = (
			);
			dependencies = (
			);
			name = WheresMyBrowser;
			productName = WheresMyBrowser;
			productReference = CCDF50111FEA9A63005170F5 /* WheresMyBrowser.app */;
			productType = "com.apple.product-type.application";
		};
		CCDF50261FEA9A63005170F5 /* WheresMyBrowserTests */ = {
			isa = PBXNativeTarget;
			buildConfigurationList = CCDF50331FEA9A63005170F5 /* Build configuration list for PBXNativeTarget "WheresMyBrowserTests" */;
			buildPhases = (
				CCDF50231FEA9A63005170F5 /* Sources */,
				CCDF50241FEA9A63005170F5 /* Frameworks */,
				CCDF50251FEA9A63005170F5 /* Resources */,
			);
			buildRules = (
			);
			dependencies = (
				CCDF50291FEA9A63005170F5 /* PBXTargetDependency */,
			);
			name = WheresMyBrowserTests;
			productName = WheresMyBrowserTests;
			productReference = CCDF50271FEA9A63005170F5 /* WheresMyBrowserTests.xctest */;
			productType = "com.apple.product-type.bundle.unit-test";
		};
/* End PBXNativeTarget section */

/* Begin PBXProject section */
		CCDF50091FEA9A63005170F5 /* Project object */ = {
			isa = PBXProject;
			attributes = {
				LastSwiftUpdateCheck = 0920;
				LastUpgradeCheck = 0920;
				ORGANIZATIONNAME = "David Turco";
				TargetAttributes = {
					CCDF50101FEA9A63005170F5 = {
						CreatedOnToolsVersion = 9.2;
						ProvisioningStyle = Automatic;
					};
					CCDF50261FEA9A63005170F5 = {
						CreatedOnToolsVersion = 9.2;
						ProvisioningStyle = Automatic;
						TestTargetID = CCDF50101FEA9A63005170F5;
					};
				};
			};
			buildConfigurationList = CCDF500C1FEA9A63005170F5 /* Build configuration list for PBXProject "WheresMyBrowser" */;
			compatibilityVersion = "Xcode 8.0";
			developmentRegion = en;
			hasScannedForEncodings = 0;
			knownRegions = (
				en,
				Base,
			);
			mainGroup = CCDF50081FEA9A63005170F5;
			productRefGroup = CCDF50121FEA9A63005170F5 /* Products */;
			projectDirPath = "";
			projectRoot = "";
			targets = (
				CCDF50101FEA9A63005170F5 /* WheresMyBrowser */,
				CCDF50261FEA9A63005170F5 /* WheresMyBrowserTests */,
			);
		};
/* End PBXProject section */

/* Begin PBXResourcesBuildPhase section */
		CCDF500F1FEA9A63005170F5 /* Resources */ = {
			isa = PBXResourcesBuildPhase;
			buildActionMask = 2147483647;
			files = (
				CCDF50211FEA9A63005170F5 /* LaunchScreen.storyboard in Resources */,
				CCDF503F1FEE6435005170F5 /* web in Resources */,
				CCDF501E1FEA9A63005170F5 /* Assets.xcassets in Resources */,
				CCDF501C1FEA9A63005170F5 /* Main.storyboard in Resources */,
			);
			runOnlyForDeploymentPostprocessing = 0;
		};
		CCDF50251FEA9A63005170F5 /* Resources */ = {
			isa = PBXResourcesBuildPhase;
			buildActionMask = 2147483647;
			files = (
			);
			runOnlyForDeploymentPostprocessing = 0;
		};
/* End PBXResourcesBuildPhase section */

/* Begin PBXSourcesBuildPhase section */
		CCDF500D1FEA9A63005170F5 /* Sources */ = {
			isa = PBXSourcesBuildPhase;
			buildActionMask = 2147483647;
			files = (
				CCDF50191FEA9A63005170F5 /* WKWebViewController.swift in Sources */,
				CCDF50151FEA9A63005170F5 /* AppDelegate.swift in Sources */,
				CCD213061FF2AFDD000B0D87 /* JavaScriptBridgeMessageHandler.swift in Sources */,
				CCDF50171FEA9A63005170F5 /* UIWebViewController.swift in Sources */,
				CCDF50371FEAA91E005170F5 /* DocumentationViewController.swift in Sources */,
				CCAC81E21FF3916D0056FAFB /* WKPreferencesViewController.swift in Sources */,
				CCD213041FF2AB4A000B0D87 /* WKWebViewPreferencesManager.swift in Sources */,
				CCD212FF1FEFE348000B0D87 /* LoadContentViewController.swift in Sources */,
			);
			runOnlyForDeploymentPostprocessing = 0;
		};
		CCDF50231FEA9A63005170F5 /* Sources */ = {
			isa = PBXSourcesBuildPhase;
			buildActionMask = 2147483647;
			files = (
				CCDF502C1FEA9A63005170F5 /* WheresMyBrowserTests.swift in Sources */,
			);
			runOnlyForDeploymentPostprocessing = 0;
		};
/* End PBXSourcesBuildPhase section */

/* Begin PBXTargetDependency section */
		CCDF50291FEA9A63005170F5 /* PBXTargetDependency */ = {
			isa = PBXTargetDependency;
			target = CCDF50101FEA9A63005170F5 /* WheresMyBrowser */;
			targetProxy = CCDF50281FEA9A63005170F5 /* PBXContainerItemProxy */;
		};
/* End PBXTargetDependency section */

/* Begin PBXVariantGroup section */
		CCDF501A1FEA9A63005170F5 /* Main.storyboard */ = {
			isa = PBXVariantGroup;
			children = (
				CCDF501B1FEA9A63005170F5 /* Base */,
			);
			name = Main.storyboard;
			sourceTree = "<group>";
		};
		CCDF501F1FEA9A63005170F5 /* LaunchScreen.storyboard */ = {
			isa = PBXVariantGroup;
			children = (
				CCDF50201FEA9A63005170F5 /* Base */,
			);
			name = LaunchScreen.storyboard;
			sourceTree = "<group>";
		};
/* End PBXVariantGroup section */

/* Begin XCBuildConfiguration section */
		CCDF502E1FEA9A63005170F5 /* Debug */ = {
			isa = XCBuildConfiguration;
			buildSettings = {
				ALWAYS_SEARCH_USER_PATHS = NO;
				CLANG_ANALYZER_NONNULL = YES;
				CLANG_ANALYZER_NUMBER_OBJECT_CONVERSION = YES_AGGRESSIVE;
				CLANG_CXX_LANGUAGE_STANDARD = "gnu++14";
				CLANG_CXX_LIBRARY = "libc++";
				CLANG_ENABLE_MODULES = YES;
				CLANG_ENABLE_OBJC_ARC = YES;
				CLANG_WARN_BLOCK_CAPTURE_AUTORELEASING = YES;
				CLANG_WARN_BOOL_CONVERSION = YES;
				CLANG_WARN_COMMA = YES;
				CLANG_WARN_CONSTANT_CONVERSION = YES;
				CLANG_WARN_DIRECT_OBJC_ISA_USAGE = YES_ERROR;
				CLANG_WARN_DOCUMENTATION_COMMENTS = YES;
				CLANG_WARN_EMPTY_BODY = YES;
				CLANG_WARN_ENUM_CONVERSION = YES;
				CLANG_WARN_INFINITE_RECURSION = YES;
				CLANG_WARN_INT_CONVERSION = YES;
				CLANG_WARN_NON_LITERAL_NULL_CONVERSION = YES;
				CLANG_WARN_OBJC_LITERAL_CONVERSION = YES;
				CLANG_WARN_OBJC_ROOT_CLASS = YES_ERROR;
				CLANG_WARN_RANGE_LOOP_ANALYSIS = YES;
				CLANG_WARN_STRICT_PROTOTYPES = YES;
				CLANG_WARN_SUSPICIOUS_MOVE = YES;
				CLANG_WARN_UNGUARDED_AVAILABILITY = YES_AGGRESSIVE;
				CLANG_WARN_UNREACHABLE_CODE = YES;
				CLANG_WARN__DUPLICATE_METHOD_MATCH = YES;
				CODE_SIGN_IDENTITY = "iPhone Developer";
				COPY_PHASE_STRIP = NO;
				DEBUG_INFORMATION_FORMAT = dwarf;
				ENABLE_STRICT_OBJC_MSGSEND = YES;
				ENABLE_TESTABILITY = YES;
				GCC_C_LANGUAGE_STANDARD = gnu11;
				GCC_DYNAMIC_NO_PIC = NO;
				GCC_NO_COMMON_BLOCKS = YES;
				GCC_OPTIMIZATION_LEVEL = 0;
				GCC_PREPROCESSOR_DEFINITIONS = (
					"DEBUG=1",
					"$(inherited)",
				);
				GCC_WARN_64_TO_32_BIT_CONVERSION = YES;
				GCC_WARN_ABOUT_RETURN_TYPE = YES_ERROR;
				GCC_WARN_UNDECLARED_SELECTOR = YES;
				GCC_WARN_UNINITIALIZED_AUTOS = YES_AGGRESSIVE;
				GCC_WARN_UNUSED_FUNCTION = YES;
				GCC_WARN_UNUSED_VARIABLE = YES;
				IPHONEOS_DEPLOYMENT_TARGET = 11.2;
				MTL_ENABLE_DEBUG_INFO = YES;
				ONLY_ACTIVE_ARCH = YES;
				SDKROOT = iphoneos;
				SWIFT_ACTIVE_COMPILATION_CONDITIONS = DEBUG;
				SWIFT_OPTIMIZATION_LEVEL = "-Onone";
			};
			name = Debug;
		};
		CCDF502F1FEA9A63005170F5 /* Release */ = {
			isa = XCBuildConfiguration;
			buildSettings = {
				ALWAYS_SEARCH_USER_PATHS = NO;
				CLANG_ANALYZER_NONNULL = YES;
				CLANG_ANALYZER_NUMBER_OBJECT_CONVERSION = YES_AGGRESSIVE;
				CLANG_CXX_LANGUAGE_STANDARD = "gnu++14";
				CLANG_CXX_LIBRARY = "libc++";
				CLANG_ENABLE_MODULES = YES;
				CLANG_ENABLE_OBJC_ARC = YES;
				CLANG_WARN_BLOCK_CAPTURE_AUTORELEASING = YES;
				CLANG_WARN_BOOL_CONVERSION = YES;
				CLANG_WARN_COMMA = YES;
				CLANG_WARN_CONSTANT_CONVERSION = YES;
				CLANG_WARN_DIRECT_OBJC_ISA_USAGE = YES_ERROR;
				CLANG_WARN_DOCUMENTATION_COMMENTS = YES;
				CLANG_WARN_EMPTY_BODY = YES;
				CLANG_WARN_ENUM_CONVERSION = YES;
				CLANG_WARN_INFINITE_RECURSION = YES;
				CLANG_WARN_INT_CONVERSION = YES;
				CLANG_WARN_NON_LITERAL_NULL_CONVERSION = YES;
				CLANG_WARN_OBJC_LITERAL_CONVERSION = YES;
				CLANG_WARN_OBJC_ROOT_CLASS = YES_ERROR;
				CLANG_WARN_RANGE_LOOP_ANALYSIS = YES;
				CLANG_WARN_STRICT_PROTOTYPES = YES;
				CLANG_WARN_SUSPICIOUS_MOVE = YES;
				CLANG_WARN_UNGUARDED_AVAILABILITY = YES_AGGRESSIVE;
				CLANG_WARN_UNREACHABLE_CODE = YES;
				CLANG_WARN__DUPLICATE_METHOD_MATCH = YES;
				CODE_SIGN_IDENTITY = "iPhone Developer";
				COPY_PHASE_STRIP = NO;
				DEBUG_INFORMATION_FORMAT = "dwarf-with-dsym";
				ENABLE_NS_ASSERTIONS = NO;
				ENABLE_STRICT_OBJC_MSGSEND = YES;
				GCC_C_LANGUAGE_STANDARD = gnu11;
				GCC_NO_COMMON_BLOCKS = YES;
				GCC_WARN_64_TO_32_BIT_CONVERSION = YES;
				GCC_WARN_ABOUT_RETURN_TYPE = YES_ERROR;
				GCC_WARN_UNDECLARED_SELECTOR = YES;
				GCC_WARN_UNINITIALIZED_AUTOS = YES_AGGRESSIVE;
				GCC_WARN_UNUSED_FUNCTION = YES;
				GCC_WARN_UNUSED_VARIABLE = YES;
				IPHONEOS_DEPLOYMENT_TARGET = 11.2;
				MTL_ENABLE_DEBUG_INFO = NO;
				SDKROOT = iphoneos;
				SWIFT_OPTIMIZATION_LEVEL = "-Owholemodule";
				VALIDATE_PRODUCT = YES;
			};
			name = Release;
		};
		CCDF50311FEA9A63005170F5 /* Debug */ = {
			isa = XCBuildConfiguration;
			buildSettings = {
				ASSETCATALOG_COMPILER_APPICON_NAME = AppIcon;
				CODE_SIGN_STYLE = Automatic;
				INFOPLIST_FILE = WheresMyBrowser/Info.plist;
				IPHONEOS_DEPLOYMENT_TARGET = 9.0;
				LD_RUNPATH_SEARCH_PATHS = "$(inherited) @executable_path/Frameworks";
				PRODUCT_BUNDLE_IDENTIFIER = com.authenticationfailure.WheresMyBrowser;
				PRODUCT_NAME = "$(TARGET_NAME)";
				SWIFT_VERSION = 4.0;
				TARGETED_DEVICE_FAMILY = "1,2";
			};
			name = Debug;
		};
		CCDF50321FEA9A63005170F5 /* Release */ = {
			isa = XCBuildConfiguration;
			buildSettings = {
				ASSETCATALOG_COMPILER_APPICON_NAME = AppIcon;
				CODE_SIGN_STYLE = Automatic;
				INFOPLIST_FILE = WheresMyBrowser/Info.plist;
				IPHONEOS_DEPLOYMENT_TARGET = 9.0;
				LD_RUNPATH_SEARCH_PATHS = "$(inherited) @executable_path/Frameworks";
				PRODUCT_BUNDLE_IDENTIFIER = com.authenticationfailure.WheresMyBrowser;
				PRODUCT_NAME = "$(TARGET_NAME)";
				SWIFT_VERSION = 4.0;
				TARGETED_DEVICE_FAMILY = "1,2";
			};
			name = Release;
		};
		CCDF50341FEA9A63005170F5 /* Debug */ = {
			isa = XCBuildConfiguration;
			buildSettings = {
				ALWAYS_EMBED_SWIFT_STANDARD_LIBRARIES = YES;
				BUNDLE_LOADER = "$(TEST_HOST)";
				CODE_SIGN_STYLE = Automatic;
				INFOPLIST_FILE = WheresMyBrowserTests/Info.plist;
				LD_RUNPATH_SEARCH_PATHS = "$(inherited) @executable_path/Frameworks @loader_path/Frameworks";
				PRODUCT_BUNDLE_IDENTIFIER = com.authenticationfailure.WheresMyBrowserTests;
				PRODUCT_NAME = "$(TARGET_NAME)";
				SWIFT_VERSION = 4.0;
				TARGETED_DEVICE_FAMILY = "1,2";
				TEST_HOST = "$(BUILT_PRODUCTS_DIR)/WheresMyBrowser.app/WheresMyBrowser";
			};
			name = Debug;
		};
		CCDF50351FEA9A63005170F5 /* Release */ = {
			isa = XCBuildConfiguration;
			buildSettings = {
				ALWAYS_EMBED_SWIFT_STANDARD_LIBRARIES = YES;
				BUNDLE_LOADER = "$(TEST_HOST)";
				CODE_SIGN_STYLE = Automatic;
				INFOPLIST_FILE = WheresMyBrowserTests/Info.plist;
				LD_RUNPATH_SEARCH_PATHS = "$(inherited) @executable_path/Frameworks @loader_path/Frameworks";
				PRODUCT_BUNDLE_IDENTIFIER = com.authenticationfailure.WheresMyBrowserTests;
				PRODUCT_NAME = "$(TARGET_NAME)";
				SWIFT_VERSION = 4.0;
				TARGETED_DEVICE_FAMILY = "1,2";
				TEST_HOST = "$(BUILT_PRODUCTS_DIR)/WheresMyBrowser.app/WheresMyBrowser";
			};
			name = Release;
		};
/* End XCBuildConfiguration section */

/* Begin XCConfigurationList section */
		CCDF500C1FEA9A63005170F5 /* Build configuration list for PBXProject "WheresMyBrowser" */ = {
			isa = XCConfigurationList;
			buildConfigurations = (
				CCDF502E1FEA9A63005170F5 /* Debug */,
				CCDF502F1FEA9A63005170F5 /* Release */,
			);
			defaultConfigurationIsVisible = 0;
			defaultConfigurationName = Release;
		};
		CCDF50301FEA9A63005170F5 /* Build configuration list for PBXNativeTarget "WheresMyBrowser" */ = {
			isa = XCConfigurationList;
			buildConfigurations = (
				CCDF50311FEA9A63005170F5 /* Debug */,
				CCDF50321FEA9A63005170F5 /* Release */,
			);
			defaultConfigurationIsVisible = 0;
			defaultConfigurationName = Release;
		};
		CCDF50331FEA9A63005170F5 /* Build configuration list for PBXNativeTarget "WheresMyBrowserTests" */ = {
			isa = XCConfigurationList;
			buildConfigurations = (
				CCDF50341FEA9A63005170F5 /* Debug */,
				CCDF50351FEA9A63005170F5 /* Release */,
			);
			defaultConfigurationIsVisible = 0;
			defaultConfigurationName = Release;
		};
/* End XCConfigurationList section */
	};
	rootObject = CCDF50091FEA9A63005170F5 /* Project object */;
}
